
Microsoft Visual Studio Solution File, Format Version 12.00
# Visual Studio Version 16
VisualStudioVersion = 16.0.32228.343
MinimumVisualStudioVersion = 10.0.40219.1
Project("{9A19103F-16F7-4668-BE54-9A1E7A4F7556}") = "ESA.API.Example.Simple", "ESA.API.Example.Simple\ESA.API.Example.Simple.csproj", "{57F8676A-2782-4EBC-9280-265823218638}"
EndProject
Project("{FAE04EC0-301F-11D3-BF4B-00C04F79EFBC}") = "ESA.API.Example.TwoFaMethods", "ESA.API.Example.TwoFaMethods\ESA.API.Example.TwoFaMethods.csproj", "{B79F2BDE-8713-419E-8FA9-74222FB6D901}"
EndProject
Global
	GlobalSection(SolutionConfigurationPlatforms) = preSolution
		Debug|Any CPU = Debug|Any CPU
		Release|Any CPU = Release|Any CPU
	EndGlobalSection
	GlobalSection(ProjectConfigurationPlatforms) = postSolution
		{57F8676A-2782-4EBC-9280-265823218638}.Debug|Any CPU.ActiveCfg = Debug|Any CPU
		{57F8676A-2782-4EBC-9280-265823218638}.Debug|Any CPU.Build.0 = Debug|Any CPU
		{57F8676A-2782-4EBC-9280-265823218638}.Release|Any CPU.ActiveCfg = Release|Any CPU
		{57F8676A-2782-4EBC-9280-265823218638}.Release|Any CPU.Build.0 = Release|Any CPU
		{B79F2BDE-8713-419E-8FA9-74222FB6D901}.Debug|Any CPU.ActiveCfg = Debug|Any CPU
		{B79F2BDE-8713-419E-8FA9-74222FB6D901}.Debug|Any CPU.Build.0 = Debug|Any CPU
		{B79F2BDE-8713-419E-8FA9-74222FB6D901}.Release|Any CPU.ActiveCfg = Release|Any CPU
		{B79F2BDE-8713-419E-8FA9-74222FB6D901}.Release|Any CPU.Build.0 = Release|Any CPU
	EndGlobalSection
	GlobalSection(SolutionProperties) = preSolution
		HideSolutionNode = FALSE
	EndGlobalSection
	GlobalSection(ExtensibilityGlobals) = postSolution
		SolutionGuid = {6C68FAA9-9645-4F7D-AD9D-B84E58107DDB}
	EndGlobalSection
EndGlobal
